
Microsoft Visual Studio Solution File, Format Version 12.00
# Visual Studio Version 17
VisualStudioVersion = 17.14.36203.30 d17.14
MinimumVisualStudioVersion = 10.0.40219.1
Project("{FAE04EC0-301F-11D3-BF4B-00C04F79EFBC}") = "Location_Tracker", "Location_Tracker\Location_Tracker.csproj", "{2FF5051B-F824-4955-8E2C-06EED1C29AB0}"
EndProject
Global
	GlobalSection(SolutionConfigurationPlatforms) = preSolution
		Debug|Any CPU = Debug|Any CPU
		Release|Any CPU = Release|Any CPU
	EndGlobalSection
	GlobalSection(ProjectConfigurationPlatforms) = postSolution
		{2FF5051B-F824-4955-8E2C-06EED1C29AB0}.Debug|Any CPU.ActiveCfg = Debug|Any CPU
		{2FF5051B-F824-4955-8E2C-06EED1C29AB0}.Debug|Any CPU.Build.0 = Debug|Any CPU
		{2FF5051B-F824-4955-8E2C-06EED1C29AB0}.Release|Any CPU.ActiveCfg = Release|Any CPU
		{2FF5051B-F824-4955-8E2C-06EED1C29AB0}.Release|Any CPU.Build.0 = Release|Any CPU
	EndGlobalSection
	GlobalSection(SolutionProperties) = preSolution
		HideSolutionNode = FALSE
	EndGlobalSection
	GlobalSection(ExtensibilityGlobals) = postSolution
		SolutionGuid = {BDBDF91C-E92F-4844-9768-26DB5052A9D7}
	EndGlobalSection
EndGlobal
